<?xml version="1.0" encoding="utf-8"?>
<Project ToolsVersion="4.0" xmlns="http://schemas.microsoft.com/developer/msbuild/2003">
  <ItemGroup>
    <Filter Include="Source Files">
      <UniqueIdentifier>{4FC737F1-C7A5-4376-A066-2A32D752A2FF}</UniqueIdentifier>
      <Extensions>cpp;c;cc;cxx;def;odl;idl;hpj;bat;asm;asmx</Extensions>
    </Filter>
    <Filter Include="Header Files">
      <UniqueIdentifier>{93995380-89BD-4b04-88EB-625FBE52EBFB}</UniqueIdentifier>
      <Extensions>h;hh;hpp;hxx;hm;inl;inc;ipp;xsd</Extensions>
    </Filter>
    <Filter Include="Resource Files">
      <UniqueIdentifier>{67DA6AB6-F800-4c08-8B7A-83BB121AAD01}</UniqueIdentifier>
      <Extensions>rc;ico;cur;bmp;dlg;rc2;rct;bin;rgs;gif;jpg;jpeg;jpe;resx;tiff;tif;png;wav;mfcribbon-ms</Extensions>
    </Filter>
  </ItemGroup>
  <ItemGroup>
    <ClInclude Include="..\toolconfig.h">
      <Filter>Header Files</Filter>
    </ClInclude>
    <ClInclude Include="..\Half\eLut.h">
      <Filter>Header Files</Filter>
    </ClInclude>
    <ClInclude Include="..\Half\half.h">
      <Filter>Header Files</Filter>
    </ClInclude>
    <ClInclude Include="..\Half\halfFunction.h">
      <Filter>Header Files</Filter>
    </ClInclude>
    <ClInclude Include="..\Half\halfLimits.h">
      <Filter>Header Files</Filter>
    </ClInclude>
    <ClInclude Include="..\Half\toFloat.h">
      <Filter>Header Files</Filter>
    </ClInclude>
    <ClInclude Include="..\Image\ColorMap.h">
      <Filter>Header Files</Filter>
    </ClInclude>
    <ClInclude Include="..\Image\ImageAlgorithms.h">
      <Filter>Header Files</Filter>
    </ClInclude>
    <ClInclude Include="..\Image\ImageLoadSave.h">
      <Filter>Header Files</Filter>
    </ClInclude>
    <ClInclude Include="..\Image\PullPush.h">
      <Filter>Header Files</Filter>
    </ClInclude>
    <ClInclude Include="..\Image\Quant.h">
      <Filter>Header Files</Filter>
    </ClInclude>
    <ClInclude Include="..\Image\RGBE.h">
      <Filter>Header Files</Filter>
    </ClInclude>
    <ClInclude Include="..\Image\RGBEio.h">
      <Filter>Header Files</Filter>
    </ClInclude>
    <ClInclude Include="..\Image\tImage.h">
      <Filter>Header Files</Filter>
    </ClInclude>
    <ClInclude Include="..\Image\tPixel.h">
      <Filter>Header Files</Filter>
    </ClInclude>
    <ClInclude Include="..\Math\AABB.h">
      <Filter>Header Files</Filter>
    </ClInclude>
    <ClInclude Include="..\Math\Auint.h">
      <Filter>Header Files</Filter>
    </ClInclude>
    <ClInclude Include="..\Math\BBox.h">
      <Filter>Header Files</Filter>
    </ClInclude>
    <ClInclude Include="..\Math\CatmullRomSpline.h">
      <Filter>Header Files</Filter>
    </ClInclude>
    <ClInclude Include="..\Math\DownSimplex.h">
      <Filter>Header Files</Filter>
    </ClInclude>
    <ClInclude Include="..\Math\Halton.h">
      <Filter>Header Files</Filter>
    </ClInclude>
    <ClInclude Include="..\Math\HermiteSpline.h">
      <Filter>Header Files</Filter>
    </ClInclude>
    <ClInclude Include="..\Math\HMatrix.h">
      <Filter>Header Files</Filter>
    </ClInclude>
    <ClInclude Include="..\Math\HVector.h">
      <Filter>Header Files</Filter>
    </ClInclude>
    <ClInclude Include="..\Math\KDBoxTree.h">
      <Filter>Header Files</Filter>
    </ClInclude>
    <ClInclude Include="..\Math\KDBVector.h">
      <Filter>Header Files</Filter>
    </ClInclude>
    <ClInclude Include="..\Math\KDItemTree.h">
      <Filter>Header Files</Filter>
    </ClInclude>
    <ClInclude Include="..\Math\KDIVector.h">
      <Filter>Header Files</Filter>
    </ClInclude>
    <ClInclude Include="..\Math\Mappings.h">
      <Filter>Header Files</Filter>
    </ClInclude>
    <ClInclude Include="..\Math\Matrix44.h">
      <Filter>Header Files</Filter>
    </ClInclude>
    <ClInclude Include="..\Math\MiscMath.h">
      <Filter>Header Files</Filter>
    </ClInclude>
    <ClInclude Include="..\Math\Perlin.h">
      <Filter>Header Files</Filter>
    </ClInclude>
    <ClInclude Include="..\Math\Quadric.h">
      <Filter>Header Files</Filter>
    </ClInclude>
    <ClInclude Include="..\Math\Random.h">
      <Filter>Header Files</Filter>
    </ClInclude>
    <ClInclude Include="..\Math\Vector.h">
      <Filter>Header Files</Filter>
    </ClInclude>
    <ClInclude Include="..\Math\VectorField.h">
      <Filter>Header Files</Filter>
    </ClInclude>
    <ClInclude Include="..\Model\AElements.h">
      <Filter>Header Files</Filter>
    </ClInclude>
    <ClInclude Include="..\Model\BaseObject.h">
      <Filter>Header Files</Filter>
    </ClInclude>
    <ClInclude Include="..\Model\BisonMe.h">
      <Filter>Header Files</Filter>
    </ClInclude>
    <ClInclude Include="..\Model\CameraDB.h">
      <Filter>Header Files</Filter>
    </ClInclude>
    <ClInclude Include="..\Model\KDVertex.h">
      <Filter>Header Files</Filter>
    </ClInclude>
    <ClInclude Include="..\Model\LightDB.h">
      <Filter>Header Files</Filter>
    </ClInclude>
    <ClInclude Include="..\Model\LoadVRML.h">
      <Filter>Header Files</Filter>
    </ClInclude>
    <ClInclude Include="..\Model\Mesh.h">
      <Filter>Header Files</Filter>
    </ClInclude>
    <ClInclude Include="..\Model\MeshElements.h">
      <Filter>Header Files</Filter>
    </ClInclude>
    <ClInclude Include="..\Model\Model.h">
      <Filter>Header Files</Filter>
    </ClInclude>
    <ClInclude Include="..\Model\RenderObject.h">
      <Filter>Header Files</Filter>
    </ClInclude>
    <ClInclude Include="..\Model\SaveVRML.h">
      <Filter>Header Files</Filter>
    </ClInclude>
    <ClInclude Include="..\Model\TextureDB.h">
      <Filter>Header Files</Filter>
    </ClInclude>
    <ClInclude Include="..\Model\TriObject.h">
      <Filter>Header Files</Filter>
    </ClInclude>
    <ClInclude Include="..\Util\Assert.h">
      <Filter>Header Files</Filter>
    </ClInclude>
    <ClInclude Include="..\Util\Timer.h">
      <Filter>Header Files</Filter>
    </ClInclude>
    <ClInclude Include="..\Util\Utils.h">
      <Filter>Header Files</Filter>
    </ClInclude>
  </ItemGroup>
  <ItemGroup>
    <ClCompile Include="..\Image\Bmp.cpp">
      <Filter>Source Files</Filter>
    </ClCompile>
    <ClCompile Include="..\Image\ColorMap.cpp">
      <Filter>Source Files</Filter>
    </ClCompile>
    <ClCompile Include="..\Image\Filter.cpp">
      <Filter>Source Files</Filter>
    </ClCompile>
    <ClCompile Include="..\Image\Gif.cpp">
      <Filter>Source Files</Filter>
    </ClCompile>
    <ClCompile Include="..\Image\ImageAlgorithms.cpp">
      <Filter>Source Files</Filter>
    </ClCompile>
    <ClCompile Include="..\Image\ImageLoadSave.cpp">
      <Filter>Source Files</Filter>
    </ClCompile>
    <ClCompile Include="..\Image\ImageSampling.cpp">
      <Filter>Source Files</Filter>
    </ClCompile>
    <ClCompile Include="..\Image\Quant.cpp">
      <Filter>Source Files</Filter>
    </ClCompile>
    <ClCompile Include="..\Image\RGBEio.cpp">
      <Filter>Source Files</Filter>
    </ClCompile>
    <ClCompile Include="..\Image\Targa.cpp">
      <Filter>Source Files</Filter>
    </ClCompile>
    <ClCompile Include="..\Image\tLoadSave.cpp">
      <Filter>Source Files</Filter>
    </ClCompile>
    <ClCompile Include="..\Image\VCD.cpp">
      <Filter>Source Files</Filter>
    </ClCompile>
    <ClCompile Include="..\Math\DownSimplex.cpp">
      <Filter>Source Files</Filter>
    </ClCompile>
    <ClCompile Include="..\Math\HVector.cpp">
      <Filter>Source Files</Filter>
    </ClCompile>
    <ClCompile Include="..\Math\Matrix44.cpp">
      <Filter>Source Files</Filter>
    </ClCompile>
    <ClCompile Include="..\Math\Perlin.cpp">
      <Filter>Source Files</Filter>
    </ClCompile>
    <ClCompile Include="..\Math\PerlinImproved.cpp">
      <Filter>Source Files</Filter>
    </ClCompile>
    <ClCompile Include="..\Math\Quadric.cpp">
      <Filter>Source Files</Filter>
    </ClCompile>
    <ClCompile Include="..\Model\BisonMe.cpp">
      <Filter>Source Files</Filter>
    </ClCompile>
    <ClCompile Include="..\Model\Camera.cpp">
      <Filter>Source Files</Filter>
    </ClCompile>
    <ClCompile Include="..\Model\LoadOBJ.cpp">
      <Filter>Source Files</Filter>
    </ClCompile>
    <ClCompile Include="..\Model\LoadVRML.cpp">
      <Filter>Source Files</Filter>
    </ClCompile>
    <ClCompile Include="..\Model\Mesh.cpp">
      <Filter>Source Files</Filter>
    </ClCompile>
    <ClCompile Include="..\Model\Model.cpp">
      <Filter>Source Files</Filter>
    </ClCompile>
    <ClCompile Include="..\Model\RenderObject.cpp">
      <Filter>Source Files</Filter>
    </ClCompile>
    <ClCompile Include="..\Model\SaveOBJ.cpp">
      <Filter>Source Files</Filter>
    </ClCompile>
    <ClCompile Include="..\Model\SaveVRML.cpp">
      <Filter>Source Files</Filter>
    </ClCompile>
    <ClCompile Include="..\Model\TextureDB.cpp">
      <Filter>Source Files</Filter>
    </ClCompile>
    <ClCompile Include="..\Model\TriObject.cpp">
      <Filter>Source Files</Filter>
    </ClCompile>
    <ClCompile Include="..\Util\Timer.cpp">
      <Filter>Source Files</Filter>
    </ClCompile>
    <ClCompile Include="..\Util\Utils.cpp">
      <Filter>Source Files</Filter>
    </ClCompile>
    <ClCompile Include="..\Half\half.cpp">
      <Filter>Source Files</Filter>
    </ClCompile>
  </ItemGroup>
</Project>